
Microsoft Visual Studio Solution File, Format Version 12.00
# Visual Studio Version 17
VisualStudioVersion = 17.2.32516.85
MinimumVisualStudioVersion = 10.0.40219.1
Project("{FAE04EC0-301F-11D3-BF4B-00C04F79EFBC}") = "exerciocio carro", "exerciocio carro\exerciocio carro.csproj", "{BE2CC315-CFD4-4CBB-BE2E-BB919A4F332C}"
EndProject
Global
	GlobalSection(SolutionConfigurationPlatforms) = preSolution
		Debug|Any CPU = Debug|Any CPU
		Release|Any CPU = Release|Any CPU
	EndGlobalSection
	GlobalSection(ProjectConfigurationPlatforms) = postSolution
		{BE2CC315-CFD4-4CBB-BE2E-BB919A4F332C}.Debug|Any CPU.ActiveCfg = Debug|Any CPU
		{BE2CC315-CFD4-4CBB-BE2E-BB919A4F332C}.Debug|Any CPU.Build.0 = Debug|Any CPU
		{BE2CC315-CFD4-4CBB-BE2E-BB919A4F332C}.Release|Any CPU.ActiveCfg = Release|Any CPU
		{BE2CC315-CFD4-4CBB-BE2E-BB919A4F332C}.Release|Any CPU.Build.0 = Release|Any CPU
	EndGlobalSection
	GlobalSection(SolutionProperties) = preSolution
		HideSolutionNode = FALSE
	EndGlobalSection
	GlobalSection(ExtensibilityGlobals) = postSolution
		SolutionGuid = {945DE784-B189-402D-B3D5-2FC23FDFCCCE}
	EndGlobalSection
EndGlobal
